
Microsoft Visual Studio Solution File, Format Version 12.00
# Visual Studio 14
VisualStudioVersion = 14.0.23107.0
MinimumVisualStudioVersion = 10.0.40219.1
Project("{FAE04EC0-301F-11D3-BF4B-00C04F79EFBC}") = "Lab7", "Lab7\Lab7.csproj", "{52E344D1-AA28-451B-9240-A789BCEDF541}"
EndProject
Project("{FAE04EC0-301F-11D3-BF4B-00C04F79EFBC}") = "Lab7_2", "Lab7_2\Lab7_2.csproj", "{5184994D-3A40-44D4-99FD-6E69D0EA1E96}"
EndProject
Global
	GlobalSection(SolutionConfigurationPlatforms) = preSolution
		Debug|Any CPU = Debug|Any CPU
		Release|Any CPU = Release|Any CPU
	EndGlobalSection
	GlobalSection(ProjectConfigurationPlatforms) = postSolution
		{52E344D1-AA28-451B-9240-A789BCEDF541}.Debug|Any CPU.ActiveCfg = Debug|Any CPU
		{52E344D1-AA28-451B-9240-A789BCEDF541}.Debug|Any CPU.Build.0 = Debug|Any CPU
		{52E344D1-AA28-451B-9240-A789BCEDF541}.Release|Any CPU.ActiveCfg = Release|Any CPU
		{52E344D1-AA28-451B-9240-A789BCEDF541}.Release|Any CPU.Build.0 = Release|Any CPU
		{5184994D-3A40-44D4-99FD-6E69D0EA1E96}.Debug|Any CPU.ActiveCfg = Debug|Any CPU
		{5184994D-3A40-44D4-99FD-6E69D0EA1E96}.Debug|Any CPU.Build.0 = Debug|Any CPU
		{5184994D-3A40-44D4-99FD-6E69D0EA1E96}.Release|Any CPU.ActiveCfg = Release|Any CPU
		{5184994D-3A40-44D4-99FD-6E69D0EA1E96}.Release|Any CPU.Build.0 = Release|Any CPU
	EndGlobalSection
	GlobalSection(SolutionProperties) = preSolution
		HideSolutionNode = FALSE
	EndGlobalSection
EndGlobal
